
Microsoft Visual Studio Solution File, Format Version 12.00
# Visual Studio Version 17
VisualStudioVersion = 17.3.32929.385
MinimumVisualStudioVersion = 10.0.40219.1
Project("{9A19103F-16F7-4668-BE54-9A1E7A4F7556}") = "LogicalProgramQ1", "LogicalProgramQ1.csproj", "{16DF2095-148B-458D-8979-391F0F3F93CB}"
EndProject
Global
	GlobalSection(SolutionConfigurationPlatforms) = preSolution
		Debug|Any CPU = Debug|Any CPU
		Release|Any CPU = Release|Any CPU
	EndGlobalSection
	GlobalSection(ProjectConfigurationPlatforms) = postSolution
		{16DF2095-148B-458D-8979-391F0F3F93CB}.Debug|Any CPU.ActiveCfg = Debug|Any CPU
		{16DF2095-148B-458D-8979-391F0F3F93CB}.Debug|Any CPU.Build.0 = Debug|Any CPU
		{16DF2095-148B-458D-8979-391F0F3F93CB}.Release|Any CPU.ActiveCfg = Release|Any CPU
		{16DF2095-148B-458D-8979-391F0F3F93CB}.Release|Any CPU.Build.0 = Release|Any CPU
	EndGlobalSection
	GlobalSection(SolutionProperties) = preSolution
		HideSolutionNode = FALSE
	EndGlobalSection
	GlobalSection(ExtensibilityGlobals) = postSolution
		SolutionGuid = {956C1B29-17F5-4AAE-9DE9-206DCFA480B4}
	EndGlobalSection
EndGlobal
